github.com/arriqaaq/aol v0.1.2 h1:uGEMA1mYu968vmRUSE9d2++YUaDGObbBN1QzD6RlgC4=
github.com/arriqaaq/aol v0.1.2/go.mod h1:GQ7Jdsp3RYIbUsovCh0XdIbRj0mvBNBFQeIfL1oKKKE=
github.com/arriqaaq/art v0.1.2 h1:GoAiArsfRTV8wPb2X7/58ZFNBUwoPfGfsTvweeiYgzg=
github.com/arriqaaq/art v0.1.2/go.mod h1:11r05D8a+owc6lTpI/yVypn16g7LrsVif+8lU9riSDM=
github.com/arriqaaq/flashdb v0.1.6 h1:3aQlCl2rql2LXPn+rGSjnmrMLnpcZtv2xlfkUZ2zJz4=
github.com/arriqaaq/flashdb v0.1.6/go.mod h1:pHq2x7sAZoRopqp/jV3hFXJ5aA48+vTe91cTi6Zl1mg=
github.com/arriqaaq/hash v0.1.2 h1:q/Az5T00nkqEc/XhlnrGcPeZBmgBM5ktKi26nr70s9c=
github.com/arriqaaq/hash v0.1.2/go.mod h1:WB3wOwaJdkNPb8DX+J2YHivF9y+sJkXhM1B4gH7xphE=
github.com/arriqaaq/set v0.1.2 h1:uiIarvVXvsAWr/RQ4L9C7HgOXh4jteaBeFMwU/faWlk=
github.com/arriqaaq/set v0.1.2/go.mod h1:Sj43MSlXuSY6tqVu2XZ1jf30fQylGp3FCM2O6qFBSd8=
github.com/arriqaaq/zset v0.1.2 h1:vF/B95Unz/zA0Ttmc1XHCQVyxIXd7B6PNc3H4aCOdyo=
github.com/arriqaaq/zset v0.1.2/go.mod h1:5DoabYGc0lHZnhhzZoYawG015X7i+bphIsa6qEekFuI=
github.com/boltdb/bolt v1.3.1 h1:JQmyP4ZBrce+ZQu0dY660FMfatumYDLun9hBCUVIkF4=
github.com/boltdb/bolt v1.3.1/go.mod h1:clJnj/oiGkjum5o1McbSZDSLxVThjynRyGBgiAx27Ps=
github.com/davecgh/go-spew v1.1.0/go.mod h1:J7Y8YcW2NihsgmVo/mv3lAwl/skON4iLHjSsI+c5H38=
github.com/davecgh/go-spew v1.1.1 h1:vj9j/u1bqnvCEfJOwUhtlOARqs3+rkHYY13jYWTU97c=
github.com/davecgh/go-spew v1.1.1/go.mod h1:J7Y8YcW2NihsgmVo/mv3lAwl/skON4iLHjSsI+c5H38=
github.com/google/uuid v1.3.0 h1:t6JiXgmwXMjEs8VusXIJk2BXHsn+wx8BZdTaoZ5fu7I=
github.com/google/uuid v1.3.0/go.mod h1:TIyPZe4MgqvfeYDBFedMoGGpEw/LqOeaOT+nhxU+yHo=
github.com/gorilla/mux v1.8.0 h1:i40aqfkR1h2SlN9hojwV5ZA91wcXFOvkdNIeFDP5koI=
github.com/gorilla/mux v1.8.0/go.mod h1:DVbg23sWSpFRCP0SfiEN6jmj59UnW/n46BH5rLB71So=
github.com/matryer/filedb v0.0.0-20141103144311-3641db67a8c9 h1:O2sPfMaBlsDuNxX6Y9zZ6vSBxHEI/NEKMsNbATtS/Dc=
github.com/matryer/filedb v0.0.0-20141103144311-3641db67a8c9/go.mod h1:KrO7nMbK2F+aqJLEd5oLdodnwITUynNCfyDOXeigQLY=
github.com/pmezard/go-difflib v1.0.0 h1:4DBwDE0NGyQoBHbLQYPwSUPoCMWR5BEzIk/f1lZbAQM=
github.com/pmezard/go-difflib v1.0.0/go.mod h1:iKH77koFhYxTK1pcRnkKkqfTogsbg7gZNVY4sRDYZ/4=
github.com/stretchr/objx v0.1.0/go.mod h1:HFkY916IF+rwdDfMAkV7OtwuqBVzrE8GR6GFx+wExME=
github.com/stretchr/objx v0.4.0/go.mod h1:YvHI0jy2hoMjB+UWwv71VJQ9isScKT/TqJzVSSt89Yw=
github.com/stretchr/testify v1.7.1/go.mod h1:6Fq8oRcR53rry900zMqJjRRixrwX3KX962/h/Wwjteg=
github.com/stretchr/testify v1.8.0 h1:pSgiaMZlXftHpm5L7V1+rVB+AZJydKsMxsQBIJw4PKk=
github.com/stretchr/testify v1.8.0/go.mod h1:yNjHg4UonilssWZ8iaSj1OCr/vHnekPRkoO+kdMU+MU=
golang.org/x/sys v0.0.0-20211117180635-dee7805ff2e1 h1:kwrAHlwJ0DUBZwQ238v+Uod/3eZ8B2K5rYsUHBQvzmI=
golang.org/x/sys v0.0.0-20211117180635-dee7805ff2e1/go.mod h1:oPkhp1MJrh7nUepCBck5+mAzfO9JrbApNNgaTdGDITg=
gopkg.in/check.v1 v0.0.0-20161208181325-20d25e280405/go.mod h1:Co6ibVJAznAaIkqp8huTwlJQCZ016jof/cbN4VW5Yz0=
gopkg.in/yaml.v3 v3.0.0-20200313102051-9f266ea9e77c/go.mod h1:K4uyk7z7BCEPqu6E+C64Yfv1cQ7kz7rIZviUmN+EgEM=
gopkg.in/yaml.v3 v3.0.1 h1:fxVm/GzAzEWqLHuvctI91KS9hhNmmWOoWu0XTYJS7CA=
gopkg.in/yaml.v3 v3.0.1/go.mod h1:K4uyk7z7BCEPqu6E+C64Yfv1cQ7kz7rIZviUmN+EgEM=
